
Microsoft Visual Studio Solution File, Format Version 12.00
# Visual Studio Version 17
VisualStudioVersion = 17.1.32328.378
MinimumVisualStudioVersion = 10.0.40219.1
Project("{FAE04EC0-301F-11D3-BF4B-00C04F79EFBC}") = "ServerSignalR", "ServerSignalR\ServerSignalR.csproj", "{90B35928-68C5-42A4-AE9F-4CABEFFD9AE8}"
EndProject
Global
	GlobalSection(SolutionConfigurationPlatforms) = preSolution
		Debug|Any CPU = Debug|Any CPU
		Release|Any CPU = Release|Any CPU
	EndGlobalSection
	GlobalSection(ProjectConfigurationPlatforms) = postSolution
		{90B35928-68C5-42A4-AE9F-4CABEFFD9AE8}.Debug|Any CPU.ActiveCfg = Debug|Any CPU
		{90B35928-68C5-42A4-AE9F-4CABEFFD9AE8}.Debug|Any CPU.Build.0 = Debug|Any CPU
		{90B35928-68C5-42A4-AE9F-4CABEFFD9AE8}.Release|Any CPU.ActiveCfg = Release|Any CPU
		{90B35928-68C5-42A4-AE9F-4CABEFFD9AE8}.Release|Any CPU.Build.0 = Release|Any CPU
	EndGlobalSection
	GlobalSection(SolutionProperties) = preSolution
		HideSolutionNode = FALSE
	EndGlobalSection
	GlobalSection(ExtensibilityGlobals) = postSolution
		SolutionGuid = {0A7B35FD-1264-4923-9787-1FE43815DAF9}
	EndGlobalSection
EndGlobal
