
Microsoft Visual Studio Solution File, Format Version 12.00
# Visual Studio Version 17
VisualStudioVersion = 17.3.32929.385
MinimumVisualStudioVersion = 10.0.40219.1
Project("{FAE04EC0-301F-11D3-BF4B-00C04F79EFBC}") = "CityInMotionSend.Android", "CityInMotionSend\CityInMotionSend.Android\CityInMotionSend.Android.csproj", "{4B7AE182-3806-4319-B337-505A1B251680}"
EndProject
Project("{FAE04EC0-301F-11D3-BF4B-00C04F79EFBC}") = "CityInMotionSend.iOS", "CityInMotionSend\CityInMotionSend.iOS\CityInMotionSend.iOS.csproj", "{66BD0922-D286-40D3-A202-E52EFCA4ED3B}"
EndProject
Project("{FAE04EC0-301F-11D3-BF4B-00C04F79EFBC}") = "CityInMotionSend", "CityInMotionSend\CityInMotionSend\CityInMotionSend.csproj", "{E3D25392-B517-4ECC-BBC0-A6F78064F939}"
EndProject
Global
	GlobalSection(SolutionConfigurationPlatforms) = preSolution
		Debug|Any CPU = Debug|Any CPU
		Debug|iPhone = Debug|iPhone
		Debug|iPhoneSimulator = Debug|iPhoneSimulator
		Release|Any CPU = Release|Any CPU
		Release|iPhone = Release|iPhone
		Release|iPhoneSimulator = Release|iPhoneSimulator
	EndGlobalSection
	GlobalSection(ProjectConfigurationPlatforms) = postSolution
		{4B7AE182-3806-4319-B337-505A1B251680}.Debug|Any CPU.ActiveCfg = Debug|Any CPU
		{4B7AE182-3806-4319-B337-505A1B251680}.Debug|Any CPU.Build.0 = Debug|Any CPU
		{4B7AE182-3806-4319-B337-505A1B251680}.Debug|Any CPU.Deploy.0 = Debug|Any CPU
		{4B7AE182-3806-4319-B337-505A1B251680}.Debug|iPhone.ActiveCfg = Debug|Any CPU
		{4B7AE182-3806-4319-B337-505A1B251680}.Debug|iPhone.Build.0 = Debug|Any CPU
		{4B7AE182-3806-4319-B337-505A1B251680}.Debug|iPhone.Deploy.0 = Debug|Any CPU
		{4B7AE182-3806-4319-B337-505A1B251680}.Debug|iPhoneSimulator.ActiveCfg = Debug|Any CPU
		{4B7AE182-3806-4319-B337-505A1B251680}.Debug|iPhoneSimulator.Build.0 = Debug|Any CPU
		{4B7AE182-3806-4319-B337-505A1B251680}.Debug|iPhoneSimulator.Deploy.0 = Debug|Any CPU
		{4B7AE182-3806-4319-B337-505A1B251680}.Release|Any CPU.ActiveCfg = Release|Any CPU
		{4B7AE182-3806-4319-B337-505A1B251680}.Release|Any CPU.Build.0 = Release|Any CPU
		{4B7AE182-3806-4319-B337-505A1B251680}.Release|Any CPU.Deploy.0 = Release|Any CPU
		{4B7AE182-3806-4319-B337-505A1B251680}.Release|iPhone.ActiveCfg = Release|Any CPU
		{4B7AE182-3806-4319-B337-505A1B251680}.Release|iPhone.Build.0 = Release|Any CPU
		{4B7AE182-3806-4319-B337-505A1B251680}.Release|iPhone.Deploy.0 = Release|Any CPU
		{4B7AE182-3806-4319-B337-505A1B251680}.Release|iPhoneSimulator.ActiveCfg = Release|Any CPU
		{4B7AE182-3806-4319-B337-505A1B251680}.Release|iPhoneSimulator.Build.0 = Release|Any CPU
		{4B7AE182-3806-4319-B337-505A1B251680}.Release|iPhoneSimulator.Deploy.0 = Release|Any CPU
		{66BD0922-D286-40D3-A202-E52EFCA4ED3B}.Debug|Any CPU.ActiveCfg = Debug|iPhone
		{66BD0922-D286-40D3-A202-E52EFCA4ED3B}.Debug|Any CPU.Build.0 = Debug|iPhone
		{66BD0922-D286-40D3-A202-E52EFCA4ED3B}.Debug|Any CPU.Deploy.0 = Debug|iPhone
		{66BD0922-D286-40D3-A202-E52EFCA4ED3B}.Debug|iPhone.ActiveCfg = Debug|iPhone
		{66BD0922-D286-40D3-A202-E52EFCA4ED3B}.Debug|iPhone.Build.0 = Debug|iPhone
		{66BD0922-D286-40D3-A202-E52EFCA4ED3B}.Debug|iPhone.Deploy.0 = Debug|iPhone
		{66BD0922-D286-40D3-A202-E52EFCA4ED3B}.Debug|iPhoneSimulator.ActiveCfg = Debug|iPhoneSimulator
		{66BD0922-D286-40D3-A202-E52EFCA4ED3B}.Debug|iPhoneSimulator.Build.0 = Debug|iPhoneSimulator
		{66BD0922-D286-40D3-A202-E52EFCA4ED3B}.Debug|iPhoneSimulator.Deploy.0 = Debug|iPhoneSimulator
		{66BD0922-D286-40D3-A202-E52EFCA4ED3B}.Release|Any CPU.ActiveCfg = Release|iPhoneSimulator
		{66BD0922-D286-40D3-A202-E52EFCA4ED3B}.Release|Any CPU.Build.0 = Release|iPhoneSimulator
		{66BD0922-D286-40D3-A202-E52EFCA4ED3B}.Release|Any CPU.Deploy.0 = Release|iPhoneSimulator
		{66BD0922-D286-40D3-A202-E52EFCA4ED3B}.Release|iPhone.ActiveCfg = Release|iPhone
		{66BD0922-D286-40D3-A202-E52EFCA4ED3B}.Release|iPhone.Build.0 = Release|iPhone
		{66BD0922-D286-40D3-A202-E52EFCA4ED3B}.Release|iPhone.Deploy.0 = Release|iPhone
		{66BD0922-D286-40D3-A202-E52EFCA4ED3B}.Release|iPhoneSimulator.ActiveCfg = Release|iPhoneSimulator
		{66BD0922-D286-40D3-A202-E52EFCA4ED3B}.Release|iPhoneSimulator.Build.0 = Release|iPhoneSimulator
		{66BD0922-D286-40D3-A202-E52EFCA4ED3B}.Release|iPhoneSimulator.Deploy.0 = Release|iPhoneSimulator
		{E3D25392-B517-4ECC-BBC0-A6F78064F939}.Debug|Any CPU.ActiveCfg = Debug|Any CPU
		{E3D25392-B517-4ECC-BBC0-A6F78064F939}.Debug|Any CPU.Build.0 = Debug|Any CPU
		{E3D25392-B517-4ECC-BBC0-A6F78064F939}.Debug|Any CPU.Deploy.0 = Debug|Any CPU
		{E3D25392-B517-4ECC-BBC0-A6F78064F939}.Debug|iPhone.ActiveCfg = Debug|Any CPU
		{E3D25392-B517-4ECC-BBC0-A6F78064F939}.Debug|iPhone.Build.0 = Debug|Any CPU
		{E3D25392-B517-4ECC-BBC0-A6F78064F939}.Debug|iPhone.Deploy.0 = Debug|Any CPU
		{E3D25392-B517-4ECC-BBC0-A6F78064F939}.Debug|iPhoneSimulator.ActiveCfg = Debug|Any CPU
		{E3D25392-B517-4ECC-BBC0-A6F78064F939}.Debug|iPhoneSimulator.Build.0 = Debug|Any CPU
		{E3D25392-B517-4ECC-BBC0-A6F78064F939}.Debug|iPhoneSimulator.Deploy.0 = Debug|Any CPU
		{E3D25392-B517-4ECC-BBC0-A6F78064F939}.Release|Any CPU.ActiveCfg = Release|Any CPU
		{E3D25392-B517-4ECC-BBC0-A6F78064F939}.Release|Any CPU.Build.0 = Release|Any CPU
		{E3D25392-B517-4ECC-BBC0-A6F78064F939}.Release|Any CPU.Deploy.0 = Release|Any CPU
		{E3D25392-B517-4ECC-BBC0-A6F78064F939}.Release|iPhone.ActiveCfg = Release|Any CPU
		{E3D25392-B517-4ECC-BBC0-A6F78064F939}.Release|iPhone.Build.0 = Release|Any CPU
		{E3D25392-B517-4ECC-BBC0-A6F78064F939}.Release|iPhone.Deploy.0 = Release|Any CPU
		{E3D25392-B517-4ECC-BBC0-A6F78064F939}.Release|iPhoneSimulator.ActiveCfg = Release|Any CPU
		{E3D25392-B517-4ECC-BBC0-A6F78064F939}.Release|iPhoneSimulator.Build.0 = Release|Any CPU
		{E3D25392-B517-4ECC-BBC0-A6F78064F939}.Release|iPhoneSimulator.Deploy.0 = Release|Any CPU
	EndGlobalSection
	GlobalSection(SolutionProperties) = preSolution
		HideSolutionNode = FALSE
	EndGlobalSection
	GlobalSection(ExtensibilityGlobals) = postSolution
		SolutionGuid = {45B853BC-77F1-490C-A127-8097AD106D29}
	EndGlobalSection
EndGlobal
